
Microsoft Visual Studio Solution File, Format Version 12.00
# Visual Studio Version 17
VisualStudioVersion = 17.11.35327.3
MinimumVisualStudioVersion = 10.0.40219.1
Project("{FAE04EC0-301F-11D3-BF4B-00C04F79EFBC}") = "PCSimSaveEditor", "PCSimSaveEditor\PCSimSaveEditor.csproj", "{C95B95E5-6447-4B41-8C4C-588746E71B30}"
EndProject
Global
	GlobalSection(SolutionConfigurationPlatforms) = preSolution
		Debug|Any CPU = Debug|Any CPU
		Release|Any CPU = Release|Any CPU
	EndGlobalSection
	GlobalSection(ProjectConfigurationPlatforms) = postSolution
		{C95B95E5-6447-4B41-8C4C-588746E71B30}.Debug|Any CPU.ActiveCfg = Debug|Any CPU
		{C95B95E5-6447-4B41-8C4C-588746E71B30}.Debug|Any CPU.Build.0 = Debug|Any CPU
		{C95B95E5-6447-4B41-8C4C-588746E71B30}.Release|Any CPU.ActiveCfg = Release|Any CPU
		{C95B95E5-6447-4B41-8C4C-588746E71B30}.Release|Any CPU.Build.0 = Release|Any CPU
	EndGlobalSection
	GlobalSection(SolutionProperties) = preSolution
		HideSolutionNode = FALSE
	EndGlobalSection
	GlobalSection(ExtensibilityGlobals) = postSolution
		SolutionGuid = {CC97395C-3D05-476E-9315-55D19FDF9257}
	EndGlobalSection
EndGlobal
